
Microsoft Visual Studio Solution File, Format Version 12.00
# Visual Studio Version 17
VisualStudioVersion = 17.1.32421.90
MinimumVisualStudioVersion = 10.0.40219.1
Project("{9A19103F-16F7-4668-BE54-9A1E7A4F7556}") = "TangyWeb_Server", "TangyWeb_Server\TangyWeb_Server.csproj", "{6D363D65-4870-49DD-B3BA-2F8006F8C3CB}"
EndProject
Project("{9A19103F-16F7-4668-BE54-9A1E7A4F7556}") = "TangyWeb_Client", "TangyWeb_Client\TangyWeb_Client.csproj", "{73FE524B-405C-4DC1-8C90-DFEF9EB9B4E5}"
EndProject
Project("{9A19103F-16F7-4668-BE54-9A1E7A4F7556}") = "Tangy_Models", "Tangy_Models\Tangy_Models.csproj", "{A7051883-F1E4-41F5-9199-22328F9DF198}"
EndProject
Global
	GlobalSection(SolutionConfigurationPlatforms) = preSolution
		Debug|Any CPU = Debug|Any CPU
		Release|Any CPU = Release|Any CPU
	EndGlobalSection
	GlobalSection(ProjectConfigurationPlatforms) = postSolution
		{6D363D65-4870-49DD-B3BA-2F8006F8C3CB}.Debug|Any CPU.ActiveCfg = Debug|Any CPU
		{6D363D65-4870-49DD-B3BA-2F8006F8C3CB}.Debug|Any CPU.Build.0 = Debug|Any CPU
		{6D363D65-4870-49DD-B3BA-2F8006F8C3CB}.Release|Any CPU.ActiveCfg = Release|Any CPU
		{6D363D65-4870-49DD-B3BA-2F8006F8C3CB}.Release|Any CPU.Build.0 = Release|Any CPU
		{73FE524B-405C-4DC1-8C90-DFEF9EB9B4E5}.Debug|Any CPU.ActiveCfg = Debug|Any CPU
		{73FE524B-405C-4DC1-8C90-DFEF9EB9B4E5}.Debug|Any CPU.Build.0 = Debug|Any CPU
		{73FE524B-405C-4DC1-8C90-DFEF9EB9B4E5}.Release|Any CPU.ActiveCfg = Release|Any CPU
		{73FE524B-405C-4DC1-8C90-DFEF9EB9B4E5}.Release|Any CPU.Build.0 = Release|Any CPU
		{A7051883-F1E4-41F5-9199-22328F9DF198}.Debug|Any CPU.ActiveCfg = Debug|Any CPU
		{A7051883-F1E4-41F5-9199-22328F9DF198}.Debug|Any CPU.Build.0 = Debug|Any CPU
		{A7051883-F1E4-41F5-9199-22328F9DF198}.Release|Any CPU.ActiveCfg = Release|Any CPU
		{A7051883-F1E4-41F5-9199-22328F9DF198}.Release|Any CPU.Build.0 = Release|Any CPU
	EndGlobalSection
	GlobalSection(SolutionProperties) = preSolution
		HideSolutionNode = FALSE
	EndGlobalSection
	GlobalSection(ExtensibilityGlobals) = postSolution
		SolutionGuid = {80F16809-DF01-4AE7-A624-0BE7F8A5175F}
	EndGlobalSection
EndGlobal
